
Microsoft Visual Studio Solution File, Format Version 12.00
# Visual Studio 15
VisualStudioVersion = 15.0.27703.2042
MinimumVisualStudioVersion = 10.0.40219.1
Project("{FAE04EC0-301F-11D3-BF4B-00C04F79EFBC}") = "codxFrank.Demo.WebScokets", "codxFrank.Demo.WebScokets\codxFrank.Demo.WebScokets.csproj", "{87541530-968F-40B1-9CD2-608FB1A5D560}"
EndProject
Project("{FAE04EC0-301F-11D3-BF4B-00C04F79EFBC}") = "codxFrank.Demo.WebSocket.ConsoleClient", "codxFrank.Demo.WebSocket.ConsoleClient\codxFrank.Demo.WebSocket.ConsoleClient.csproj", "{6FF93EEE-8848-47FE-ACD4-E48172DCA61D}"
EndProject
Global
	GlobalSection(SolutionConfigurationPlatforms) = preSolution
		Debug|Any CPU = Debug|Any CPU
		Release|Any CPU = Release|Any CPU
	EndGlobalSection
	GlobalSection(ProjectConfigurationPlatforms) = postSolution
		{87541530-968F-40B1-9CD2-608FB1A5D560}.Debug|Any CPU.ActiveCfg = Debug|Any CPU
		{87541530-968F-40B1-9CD2-608FB1A5D560}.Debug|Any CPU.Build.0 = Debug|Any CPU
		{87541530-968F-40B1-9CD2-608FB1A5D560}.Release|Any CPU.ActiveCfg = Release|Any CPU
		{87541530-968F-40B1-9CD2-608FB1A5D560}.Release|Any CPU.Build.0 = Release|Any CPU
		{6FF93EEE-8848-47FE-ACD4-E48172DCA61D}.Debug|Any CPU.ActiveCfg = Debug|Any CPU
		{6FF93EEE-8848-47FE-ACD4-E48172DCA61D}.Debug|Any CPU.Build.0 = Debug|Any CPU
		{6FF93EEE-8848-47FE-ACD4-E48172DCA61D}.Release|Any CPU.ActiveCfg = Release|Any CPU
		{6FF93EEE-8848-47FE-ACD4-E48172DCA61D}.Release|Any CPU.Build.0 = Release|Any CPU
	EndGlobalSection
	GlobalSection(SolutionProperties) = preSolution
		HideSolutionNode = FALSE
	EndGlobalSection
	GlobalSection(ExtensibilityGlobals) = postSolution
		SolutionGuid = {F9D8C50C-0AD0-4641-9B85-ABA5A8345C7A}
	EndGlobalSection
EndGlobal
